Microsoft Visual Studio Solution File, Format Version 12.00
# Visual Studio Version 17
VisualStudioVersion = 17.5.2.0
MinimumVisualStudioVersion = 10.0.40219.1
Project("{2150E333-8FDC-42A3-9474-1A3956D46DE8}") = "Labfiles", "Labfiles", "{E34FE7DF-E823-91FC-26CE-DC3F33A9AAE2}"
EndProject
Project("{2150E333-8FDC-42A3-9474-1A3956D46DE8}") = "02-nlp-azure-openai", "02-nlp-azure-openai", "{55E2D1E5-A4EF-9707-7E18-34F2A6A5D2BA}"
EndProject
Project("{FAE04EC0-301F-11D3-BF4B-00C04F79EFBC}") = "CSharp", "Labfiles\02-nlp-azure-openai\CSharp\CSharp.csproj", "{3ECFC737-1529-33CE-C61F-32FD44EBE793}"
EndProject
Project("{2150E333-8FDC-42A3-9474-1A3956D46DE8}") = "03-prompt-engineering", "03-prompt-engineering", "{58BFA904-F452-4598-6D08-5CBFBF93073E}"
EndProject
Project("{FAE04EC0-301F-11D3-BF4B-00C04F79EFBC}") = "CSharp", "Labfiles\03-prompt-engineering\CSharp\CSharp.csproj", "{7F7BD16A-88C4-97BD-AE69-BC12D259D1D5}"
EndProject
Project("{2150E333-8FDC-42A3-9474-1A3956D46DE8}") = "04-code-generation", "04-code-generation", "{43A58B51-D10A-57B2-0058-E48237A24966}"
EndProject
Project("{FAE04EC0-301F-11D3-BF4B-00C04F79EFBC}") = "CSharp", "Labfiles\04-code-generation\CSharp\CSharp.csproj", "{7436A8AD-F3F5-11EA-6442-6A64D214916E}"
EndProject
Project("{2150E333-8FDC-42A3-9474-1A3956D46DE8}") = "05-image-generation", "05-image-generation", "{731C995B-F0A0-896E-18EB-1BE63F1071EA}"
EndProject
Project("{2150E333-8FDC-42A3-9474-1A3956D46DE8}") = "CSharp", "CSharp", "{64298602-7C5E-97BA-540D-683A1FE9D24A}"
EndProject
Project("{FAE04EC0-301F-11D3-BF4B-00C04F79EFBC}") = "generate_image", "Labfiles\05-image-generation\CSharp\generate_image.csproj", "{E0BC5586-847D-0FAD-3EEE-8E605C615ED7}"
EndProject
Project("{2150E333-8FDC-42A3-9474-1A3956D46DE8}") = "sample-code", "sample-code", "{3F13E48E-B347-169B-8CC4-E48E3E66D874}"
EndProject
Project("{2150E333-8FDC-42A3-9474-1A3956D46DE8}") = "go-fish", "go-fish", "{7D42989E-70F9-FC6C-04E4-CFF7E0D0849B}"
EndProject
Project("{FAE04EC0-301F-11D3-BF4B-00C04F79EFBC}") = "CSharp", "Labfiles\04-code-generation\sample-code\go-fish\CSharp.csproj", "{2105388D-CA63-5EC7-042A-0FB07C302641}"
EndProject
Global
	GlobalSection(SolutionConfigurationPlatforms) = preSolution
		Debug|Any CPU = Debug|Any CPU
		Release|Any CPU = Release|Any CPU
	EndGlobalSection
	GlobalSection(ProjectConfigurationPlatforms) = postSolution
		{3ECFC737-1529-33CE-C61F-32FD44EBE793}.Debug|Any CPU.ActiveCfg = Debug|Any CPU
		{3ECFC737-1529-33CE-C61F-32FD44EBE793}.Debug|Any CPU.Build.0 = Debug|Any CPU
		{3ECFC737-1529-33CE-C61F-32FD44EBE793}.Release|Any CPU.ActiveCfg = Release|Any CPU
		{3ECFC737-1529-33CE-C61F-32FD44EBE793}.Release|Any CPU.Build.0 = Release|Any CPU
		{7F7BD16A-88C4-97BD-AE69-BC12D259D1D5}.Debug|Any CPU.ActiveCfg = Debug|Any CPU
		{7F7BD16A-88C4-97BD-AE69-BC12D259D1D5}.Debug|Any CPU.Build.0 = Debug|Any CPU
		{7F7BD16A-88C4-97BD-AE69-BC12D259D1D5}.Release|Any CPU.ActiveCfg = Release|Any CPU
		{7F7BD16A-88C4-97BD-AE69-BC12D259D1D5}.Release|Any CPU.Build.0 = Release|Any CPU
		{7436A8AD-F3F5-11EA-6442-6A64D214916E}.Debug|Any CPU.ActiveCfg = Debug|Any CPU
		{7436A8AD-F3F5-11EA-6442-6A64D214916E}.Debug|Any CPU.Build.0 = Debug|Any CPU
		{7436A8AD-F3F5-11EA-6442-6A64D214916E}.Release|Any CPU.ActiveCfg = Release|Any CPU
		{7436A8AD-F3F5-11EA-6442-6A64D214916E}.Release|Any CPU.Build.0 = Release|Any CPU
		{E0BC5586-847D-0FAD-3EEE-8E605C615ED7}.Debug|Any CPU.ActiveCfg = Debug|Any CPU
		{E0BC5586-847D-0FAD-3EEE-8E605C615ED7}.Debug|Any CPU.Build.0 = Debug|Any CPU
		{E0BC5586-847D-0FAD-3EEE-8E605C615ED7}.Release|Any CPU.ActiveCfg = Release|Any CPU
		{E0BC5586-847D-0FAD-3EEE-8E605C615ED7}.Release|Any CPU.Build.0 = Release|Any CPU
		{2105388D-CA63-5EC7-042A-0FB07C302641}.Debug|Any CPU.ActiveCfg = Debug|Any CPU
		{2105388D-CA63-5EC7-042A-0FB07C302641}.Debug|Any CPU.Build.0 = Debug|Any CPU
		{2105388D-CA63-5EC7-042A-0FB07C302641}.Release|Any CPU.ActiveCfg = Release|Any CPU
		{2105388D-CA63-5EC7-042A-0FB07C302641}.Release|Any CPU.Build.0 = Release|Any CPU
	EndGlobalSection
	GlobalSection(SolutionProperties) = preSolution
		HideSolutionNode = FALSE
	EndGlobalSection
	GlobalSection(NestedProjects) = preSolution
		{55E2D1E5-A4EF-9707-7E18-34F2A6A5D2BA} = {E34FE7DF-E823-91FC-26CE-DC3F33A9AAE2}
		{3ECFC737-1529-33CE-C61F-32FD44EBE793} = {55E2D1E5-A4EF-9707-7E18-34F2A6A5D2BA}
		{58BFA904-F452-4598-6D08-5CBFBF93073E} = {E34FE7DF-E823-91FC-26CE-DC3F33A9AAE2}
		{7F7BD16A-88C4-97BD-AE69-BC12D259D1D5} = {58BFA904-F452-4598-6D08-5CBFBF93073E}
		{43A58B51-D10A-57B2-0058-E48237A24966} = {E34FE7DF-E823-91FC-26CE-DC3F33A9AAE2}
		{7436A8AD-F3F5-11EA-6442-6A64D214916E} = {43A58B51-D10A-57B2-0058-E48237A24966}
		{731C995B-F0A0-896E-18EB-1BE63F1071EA} = {E34FE7DF-E823-91FC-26CE-DC3F33A9AAE2}
		{64298602-7C5E-97BA-540D-683A1FE9D24A} = {731C995B-F0A0-896E-18EB-1BE63F1071EA}
		{E0BC5586-847D-0FAD-3EEE-8E605C615ED7} = {64298602-7C5E-97BA-540D-683A1FE9D24A}
		{3F13E48E-B347-169B-8CC4-E48E3E66D874} = {43A58B51-D10A-57B2-0058-E48237A24966}
		{7D42989E-70F9-FC6C-04E4-CFF7E0D0849B} = {3F13E48E-B347-169B-8CC4-E48E3E66D874}
		{2105388D-CA63-5EC7-042A-0FB07C302641} = {7D42989E-70F9-FC6C-04E4-CFF7E0D0849B}
	EndGlobalSection
	GlobalSection(ExtensibilityGlobals) = postSolution
		SolutionGuid = {8998E996-3819-49A9-84BC-883839CD4189}
	EndGlobalSection
EndGlobal
